
Microsoft Visual Studio Solution File, Format Version 12.00
# Visual Studio Version 17
VisualStudioVersion = 17.5.33627.172
MinimumVisualStudioVersion = 10.0.40219.1
Project("{FAE04EC0-301F-11D3-BF4B-00C04F79EFBC}") = "PETrial", "PETrial.csproj", "{727201D9-56D9-45F4-A7FD-FC77F5B56224}"
EndProject
Global
	GlobalSection(SolutionConfigurationPlatforms) = preSolution
		Debug|Any CPU = Debug|Any CPU
		Release|Any CPU = Release|Any CPU
	EndGlobalSection
	GlobalSection(ProjectConfigurationPlatforms) = postSolution
		{727201D9-56D9-45F4-A7FD-FC77F5B56224}.Debug|Any CPU.ActiveCfg = Debug|Any CPU
		{727201D9-56D9-45F4-A7FD-FC77F5B56224}.Debug|Any CPU.Build.0 = Debug|Any CPU
		{727201D9-56D9-45F4-A7FD-FC77F5B56224}.Release|Any CPU.ActiveCfg = Release|Any CPU
		{727201D9-56D9-45F4-A7FD-FC77F5B56224}.Release|Any CPU.Build.0 = Release|Any CPU
	EndGlobalSection
	GlobalSection(SolutionProperties) = preSolution
		HideSolutionNode = FALSE
	EndGlobalSection
	GlobalSection(ExtensibilityGlobals) = postSolution
		SolutionGuid = {1EB39D52-5656-492B-9FC5-E0F693D6B116}
	EndGlobalSection
EndGlobal
